
Microsoft Visual Studio Solution File, Format Version 12.00
# Visual Studio Version 17
VisualStudioVersion = 17.4.33110.190
MinimumVisualStudioVersion = 10.0.40219.1
Project("{FAE04EC0-301F-11D3-BF4B-00C04F79EFBC}") = "Demo.Users.API", "Demo.Users.API\Demo.Users.API.csproj", "{67E5C806-F58D-40DD-9D9D-C1D3374CE341}"
EndProject
Global
	GlobalSection(SolutionConfigurationPlatforms) = preSolution
		Debug|Any CPU = Debug|Any CPU
		Release|Any CPU = Release|Any CPU
	EndGlobalSection
	GlobalSection(ProjectConfigurationPlatforms) = postSolution
		{67E5C806-F58D-40DD-9D9D-C1D3374CE341}.Debug|Any CPU.ActiveCfg = Debug|Any CPU
		{67E5C806-F58D-40DD-9D9D-C1D3374CE341}.Debug|Any CPU.Build.0 = Debug|Any CPU
		{67E5C806-F58D-40DD-9D9D-C1D3374CE341}.Release|Any CPU.ActiveCfg = Release|Any CPU
		{67E5C806-F58D-40DD-9D9D-C1D3374CE341}.Release|Any CPU.Build.0 = Release|Any CPU
	EndGlobalSection
	GlobalSection(SolutionProperties) = preSolution
		HideSolutionNode = FALSE
	EndGlobalSection
	GlobalSection(ExtensibilityGlobals) = postSolution
		SolutionGuid = {B9E78D3F-1E79-43E1-92C0-4790C317EAF5}
	EndGlobalSection
EndGlobal
